
Microsoft Visual Studio Solution File, Format Version 12.00
# Visual Studio Version 16
VisualStudioVersion = 16.0.29503.13
MinimumVisualStudioVersion = 10.0.40219.1
Project("{2150E333-8FDC-42A3-9474-1A3956D46DE8}") = "Solution Items", "Solution Items", "{8481A066-FC02-4D81-A501-633A0C68B011}"
	ProjectSection(SolutionItems) = preProject
		.gitignore = .gitignore
		azure-pipelines.yml = azure-pipelines.yml
		nuget.config = nuget.config
		README.MD = README.MD
	EndProjectSection
EndProject
Project("{2150E333-8FDC-42A3-9474-1A3956D46DE8}") = "CSharp", "CSharp", "{1121013E-8B28-494B-BF07-FB93C0AC2528}"
EndProject
Project("{9A19103F-16F7-4668-BE54-9A1E7A4F7556}") = "AdventOfCode.CSharp.2015", "csharp\2015\AdventOfCode.CSharp.2015.csproj", "{F89DE972-6774-4F28-A831-B63753A85A32}"
EndProject
Project("{9A19103F-16F7-4668-BE54-9A1E7A4F7556}") = "AdventOfCode.CSharp.Common", "csharp\Common\AdventOfCode.CSharp.Common.csproj", "{D02CA99E-B217-479E-8FA8-95CB39F57E86}"
EndProject
Project("{9A19103F-16F7-4668-BE54-9A1E7A4F7556}") = "AdventOfCode.CSharp.Tests", "csharp\Tests\AdventOfCode.CSharp.Tests.csproj", "{B4C7E51F-AA0A-44F3-8177-53BE65958F38}"
EndProject
Project("{9A19103F-16F7-4668-BE54-9A1E7A4F7556}") = "AdventOfCode.CSharp.Benchmarks", "csharp\Benchmarks\AdventOfCode.CSharp.Benchmarks.csproj", "{C8B02CB0-2F83-48EE-8C64-F18D1C5FC95B}"
EndProject
Project("{2150E333-8FDC-42A3-9474-1A3956D46DE8}") = "FSharp", "FSharp", "{8FDB7D71-698C-4136-A8B0-3EF60F494B54}"
EndProject
Project("{6EC3EE1D-3C4E-46DD-8F32-0CC8E7565705}") = "AdventOfCode.FSharp.Common", "fsharp\Common\AdventOfCode.FSharp.Common.fsproj", "{372EDF4E-248A-4585-8AB9-5F75905159EE}"
EndProject
Project("{6EC3EE1D-3C4E-46DD-8F32-0CC8E7565705}") = "AdventOfCode.FSharp.2015", "fsharp\2015\AdventOfCode.FSharp.2015.fsproj", "{D5DAEE89-159D-4C4B-9208-CAC998C2A973}"
EndProject
Project("{6EC3EE1D-3C4E-46DD-8F32-0CC8E7565705}") = "AdventOfCode.FSharp.2016", "fsharp\2016\AdventOfCode.FSharp.2016.fsproj", "{0BB60F36-85D5-49FD-A571-3FD74D77A637}"
EndProject
Project("{6EC3EE1D-3C4E-46DD-8F32-0CC8E7565705}") = "AdventOfCode.FSharp.2017", "fsharp\2017\AdventOfCode.FSharp.2017.fsproj", "{4F3063B6-A5AB-423B-9E5E-B7B34B9E9755}"
EndProject
Project("{6EC3EE1D-3C4E-46DD-8F32-0CC8E7565705}") = "AdventOfCode.FSharp.2018", "fsharp\2018\AdventOfCode.FSharp.2018.fsproj", "{3B6BDED5-5491-4ACB-A32A-53FD95937D52}"
EndProject
Project("{6EC3EE1D-3C4E-46DD-8F32-0CC8E7565705}") = "AdventOfCode.FSharp.2019", "fsharp\2019\AdventOfCode.FSharp.2019.fsproj", "{DF7AA6F8-2123-49E7-9213-5FDB655CEECE}"
EndProject
Project("{9A19103F-16F7-4668-BE54-9A1E7A4F7556}") = "AdventOfCode.CSharp.2016", "csharp\2016\AdventOfCode.CSharp.2016.csproj", "{48E92A73-BA6B-4438-9BA7-4D534AE2BBCE}"
EndProject
Project("{9A19103F-16F7-4668-BE54-9A1E7A4F7556}") = "AdventOfCode.CSharp.2017", "csharp\2017\AdventOfCode.CSharp.2017.csproj", "{814331AB-DE9A-43D4-9CD9-2816DAEA216A}"
EndProject
Project("{9A19103F-16F7-4668-BE54-9A1E7A4F7556}") = "AdventOfCode.CSharp.2018", "csharp\2018\AdventOfCode.CSharp.2018.csproj", "{F432AC99-A6A1-4259-8F83-06825C0A7AD6}"
EndProject
Project("{9A19103F-16F7-4668-BE54-9A1E7A4F7556}") = "AdventOfCode.CSharp.2019", "csharp\2019\AdventOfCode.CSharp.2019.csproj", "{A820642F-A82A-4941-85AF-92AC725A5A4C}"
EndProject
Global
	GlobalSection(SolutionConfigurationPlatforms) = preSolution
		Debug|Any CPU = Debug|Any CPU
		Release|Any CPU = Release|Any CPU
	EndGlobalSection
	GlobalSection(ProjectConfigurationPlatforms) = postSolution
		{F89DE972-6774-4F28-A831-B63753A85A32}.Debug|Any CPU.ActiveCfg = Debug|Any CPU
		{F89DE972-6774-4F28-A831-B63753A85A32}.Debug|Any CPU.Build.0 = Debug|Any CPU
		{F89DE972-6774-4F28-A831-B63753A85A32}.Release|Any CPU.ActiveCfg = Release|Any CPU
		{F89DE972-6774-4F28-A831-B63753A85A32}.Release|Any CPU.Build.0 = Release|Any CPU
		{D02CA99E-B217-479E-8FA8-95CB39F57E86}.Debug|Any CPU.ActiveCfg = Debug|Any CPU
		{D02CA99E-B217-479E-8FA8-95CB39F57E86}.Debug|Any CPU.Build.0 = Debug|Any CPU
		{D02CA99E-B217-479E-8FA8-95CB39F57E86}.Release|Any CPU.ActiveCfg = Release|Any CPU
		{D02CA99E-B217-479E-8FA8-95CB39F57E86}.Release|Any CPU.Build.0 = Release|Any CPU
		{B4C7E51F-AA0A-44F3-8177-53BE65958F38}.Debug|Any CPU.ActiveCfg = Debug|Any CPU
		{B4C7E51F-AA0A-44F3-8177-53BE65958F38}.Debug|Any CPU.Build.0 = Debug|Any CPU
		{B4C7E51F-AA0A-44F3-8177-53BE65958F38}.Release|Any CPU.ActiveCfg = Release|Any CPU
		{B4C7E51F-AA0A-44F3-8177-53BE65958F38}.Release|Any CPU.Build.0 = Release|Any CPU
		{C8B02CB0-2F83-48EE-8C64-F18D1C5FC95B}.Debug|Any CPU.ActiveCfg = Debug|Any CPU
		{C8B02CB0-2F83-48EE-8C64-F18D1C5FC95B}.Debug|Any CPU.Build.0 = Debug|Any CPU
		{C8B02CB0-2F83-48EE-8C64-F18D1C5FC95B}.Release|Any CPU.ActiveCfg = Release|Any CPU
		{C8B02CB0-2F83-48EE-8C64-F18D1C5FC95B}.Release|Any CPU.Build.0 = Release|Any CPU
		{372EDF4E-248A-4585-8AB9-5F75905159EE}.Debug|Any CPU.ActiveCfg = Debug|Any CPU
		{372EDF4E-248A-4585-8AB9-5F75905159EE}.Debug|Any CPU.Build.0 = Debug|Any CPU
		{372EDF4E-248A-4585-8AB9-5F75905159EE}.Release|Any CPU.ActiveCfg = Release|Any CPU
		{372EDF4E-248A-4585-8AB9-5F75905159EE}.Release|Any CPU.Build.0 = Release|Any CPU
		{D5DAEE89-159D-4C4B-9208-CAC998C2A973}.Debug|Any CPU.ActiveCfg = Debug|Any CPU
		{D5DAEE89-159D-4C4B-9208-CAC998C2A973}.Debug|Any CPU.Build.0 = Debug|Any CPU
		{D5DAEE89-159D-4C4B-9208-CAC998C2A973}.Release|Any CPU.ActiveCfg = Release|Any CPU
		{D5DAEE89-159D-4C4B-9208-CAC998C2A973}.Release|Any CPU.Build.0 = Release|Any CPU
		{0BB60F36-85D5-49FD-A571-3FD74D77A637}.Debug|Any CPU.ActiveCfg = Debug|Any CPU
		{0BB60F36-85D5-49FD-A571-3FD74D77A637}.Debug|Any CPU.Build.0 = Debug|Any CPU
		{0BB60F36-85D5-49FD-A571-3FD74D77A637}.Release|Any CPU.ActiveCfg = Release|Any CPU
		{0BB60F36-85D5-49FD-A571-3FD74D77A637}.Release|Any CPU.Build.0 = Release|Any CPU
		{4F3063B6-A5AB-423B-9E5E-B7B34B9E9755}.Debug|Any CPU.ActiveCfg = Debug|Any CPU
		{4F3063B6-A5AB-423B-9E5E-B7B34B9E9755}.Debug|Any CPU.Build.0 = Debug|Any CPU
		{4F3063B6-A5AB-423B-9E5E-B7B34B9E9755}.Release|Any CPU.ActiveCfg = Release|Any CPU
		{4F3063B6-A5AB-423B-9E5E-B7B34B9E9755}.Release|Any CPU.Build.0 = Release|Any CPU
		{3B6BDED5-5491-4ACB-A32A-53FD95937D52}.Debug|Any CPU.ActiveCfg = Debug|Any CPU
		{3B6BDED5-5491-4ACB-A32A-53FD95937D52}.Debug|Any CPU.Build.0 = Debug|Any CPU
		{3B6BDED5-5491-4ACB-A32A-53FD95937D52}.Release|Any CPU.ActiveCfg = Release|Any CPU
		{3B6BDED5-5491-4ACB-A32A-53FD95937D52}.Release|Any CPU.Build.0 = Release|Any CPU
		{DF7AA6F8-2123-49E7-9213-5FDB655CEECE}.Debug|Any CPU.ActiveCfg = Debug|Any CPU
		{DF7AA6F8-2123-49E7-9213-5FDB655CEECE}.Debug|Any CPU.Build.0 = Debug|Any CPU
		{DF7AA6F8-2123-49E7-9213-5FDB655CEECE}.Release|Any CPU.ActiveCfg = Release|Any CPU
		{DF7AA6F8-2123-49E7-9213-5FDB655CEECE}.Release|Any CPU.Build.0 = Release|Any CPU
		{48E92A73-BA6B-4438-9BA7-4D534AE2BBCE}.Debug|Any CPU.ActiveCfg = Debug|Any CPU
		{48E92A73-BA6B-4438-9BA7-4D534AE2BBCE}.Debug|Any CPU.Build.0 = Debug|Any CPU
		{48E92A73-BA6B-4438-9BA7-4D534AE2BBCE}.Release|Any CPU.ActiveCfg = Release|Any CPU
		{48E92A73-BA6B-4438-9BA7-4D534AE2BBCE}.Release|Any CPU.Build.0 = Release|Any CPU
		{814331AB-DE9A-43D4-9CD9-2816DAEA216A}.Debug|Any CPU.ActiveCfg = Debug|Any CPU
		{814331AB-DE9A-43D4-9CD9-2816DAEA216A}.Debug|Any CPU.Build.0 = Debug|Any CPU
		{814331AB-DE9A-43D4-9CD9-2816DAEA216A}.Release|Any CPU.ActiveCfg = Release|Any CPU
		{814331AB-DE9A-43D4-9CD9-2816DAEA216A}.Release|Any CPU.Build.0 = Release|Any CPU
		{F432AC99-A6A1-4259-8F83-06825C0A7AD6}.Debug|Any CPU.ActiveCfg = Debug|Any CPU
		{F432AC99-A6A1-4259-8F83-06825C0A7AD6}.Debug|Any CPU.Build.0 = Debug|Any CPU
		{F432AC99-A6A1-4259-8F83-06825C0A7AD6}.Release|Any CPU.ActiveCfg = Release|Any CPU
		{F432AC99-A6A1-4259-8F83-06825C0A7AD6}.Release|Any CPU.Build.0 = Release|Any CPU
		{A820642F-A82A-4941-85AF-92AC725A5A4C}.Debug|Any CPU.ActiveCfg = Debug|Any CPU
		{A820642F-A82A-4941-85AF-92AC725A5A4C}.Debug|Any CPU.Build.0 = Debug|Any CPU
		{A820642F-A82A-4941-85AF-92AC725A5A4C}.Release|Any CPU.ActiveCfg = Release|Any CPU
		{A820642F-A82A-4941-85AF-92AC725A5A4C}.Release|Any CPU.Build.0 = Release|Any CPU
	EndGlobalSection
	GlobalSection(SolutionProperties) = preSolution
		HideSolutionNode = FALSE
	EndGlobalSection
	GlobalSection(NestedProjects) = preSolution
		{F89DE972-6774-4F28-A831-B63753A85A32} = {1121013E-8B28-494B-BF07-FB93C0AC2528}
		{D02CA99E-B217-479E-8FA8-95CB39F57E86} = {1121013E-8B28-494B-BF07-FB93C0AC2528}
		{B4C7E51F-AA0A-44F3-8177-53BE65958F38} = {1121013E-8B28-494B-BF07-FB93C0AC2528}
		{C8B02CB0-2F83-48EE-8C64-F18D1C5FC95B} = {1121013E-8B28-494B-BF07-FB93C0AC2528}
		{372EDF4E-248A-4585-8AB9-5F75905159EE} = {8FDB7D71-698C-4136-A8B0-3EF60F494B54}
		{D5DAEE89-159D-4C4B-9208-CAC998C2A973} = {8FDB7D71-698C-4136-A8B0-3EF60F494B54}
		{0BB60F36-85D5-49FD-A571-3FD74D77A637} = {8FDB7D71-698C-4136-A8B0-3EF60F494B54}
		{4F3063B6-A5AB-423B-9E5E-B7B34B9E9755} = {8FDB7D71-698C-4136-A8B0-3EF60F494B54}
		{3B6BDED5-5491-4ACB-A32A-53FD95937D52} = {8FDB7D71-698C-4136-A8B0-3EF60F494B54}
		{DF7AA6F8-2123-49E7-9213-5FDB655CEECE} = {8FDB7D71-698C-4136-A8B0-3EF60F494B54}
		{48E92A73-BA6B-4438-9BA7-4D534AE2BBCE} = {1121013E-8B28-494B-BF07-FB93C0AC2528}
		{814331AB-DE9A-43D4-9CD9-2816DAEA216A} = {1121013E-8B28-494B-BF07-FB93C0AC2528}
		{F432AC99-A6A1-4259-8F83-06825C0A7AD6} = {1121013E-8B28-494B-BF07-FB93C0AC2528}
		{A820642F-A82A-4941-85AF-92AC725A5A4C} = {1121013E-8B28-494B-BF07-FB93C0AC2528}
	EndGlobalSection
	GlobalSection(ExtensibilityGlobals) = postSolution
		SolutionGuid = {A22E98AE-B2BE-4739-ABEF-43C18E08A584}
	EndGlobalSection
EndGlobal
